version = 1
requires-python = ">=3.11"

[[package]]
name = "pylogix"
version = "1.0.6"
source = { registry = "https://pypi.org/simple" }
wheels = [
    { url = "https://files.pythonhosted.org/packages/8f/4d/365ecb065444cd5904a6958c7dfc3fb76ab36a1b0c88ab482f97450a9565/pylogix-1.0.6-py2.py3-none-any.whl", hash = "sha256:7bcd06c1cdde2164d2335c40e539b06f15a8f83fb28951f165b25fcdc229dff2", size = 75958 },
]

[[package]]
name = "python-snap7"
version = "2.0.2"
source = { registry = "https://pypi.org/simple" }
sdist = { url = "https://files.pythonhosted.org/packages/53/dd/0cc58674f7cd718804424bfb80bac84c8dc5fb40adc3a7630f3ea6bb6f4e/python_snap7-2.0.2.tar.gz", hash = "sha256:10714da0d198f2c51b521c79dc00a0e273ae42c0abc5d44605a298266960d016", size = 53415 }
wheels = [
    { url = "https://files.pythonhosted.org/packages/57/db/c1ec4701b1ade7cd017ab5c16aa66b8c9de8300252d1f82bd3ad39507825/python_snap7-2.0.2-py3-none-macosx_10_9_universal2.whl", hash = "sha256:ef46a030597014c6bd82dd7ec5b5b40817cb60f649d7370cab0c327636843e7d", size = 192555 },
    { url = "https://files.pythonhosted.org/packages/1d/2a/512579993f491cb4924602a2e834f3cc4193a7e83a541454224c1faf0568/python_snap7-2.0.2-py3-none-manylinux_2_28_aarch64.whl", hash = "sha256:b0238f71b83d94d5196437091fec7a0ce635baf7a43a0664561f5b2ecaf5a7f8", size = 349565 },
    { url = "https://files.pythonhosted.org/packages/bb/3c/8c09fe93282c1d094641b6a567a9dea3053c6d05c942c22aa956a0bdb29d/python_snap7-2.0.2-py3-none-manylinux_2_28_x86_64.whl", hash = "sha256:f893f363fdecaa21cf4b0f2648d2c71e30d2924e4f58f0993a6a59a818bdf96e", size = 145147 },
    { url = "https://files.pythonhosted.org/packages/b1/bf/c3e14d59fdd8e430798d667d881adc661a89e77a80ed6e670d3c692fd779/python_snap7-2.0.2-py3-none-win_amd64.whl", hash = "sha256:686e62b087a57c121758cba724ece2fb178d86a8e79f512bb40bf5160a6be833", size = 155574 },
]

[[package]]
name = "repl-nix-workspace"
version = "0.1.0"
source = { virtual = "." }
dependencies = [
    { name = "pylogix" },
    { name = "python-snap7" },
]

[package.metadata]
requires-dist = [
    { name = "pylogix", specifier = ">=1.0.6" },
    { name = "python-snap7", specifier = ">=2.0.2" },
]
